
Microsoft Visual Studio Solution File, Format Version 12.00
# Visual Studio Version 16
VisualStudioVersion = 16.0.29215.179
MinimumVisualStudioVersion = 10.0.40219.1
Project("{FAE04EC0-301F-11D3-BF4B-00C04F79EFBC}") = "FamilyDictionaryExercise", "FamilyDictionaryExercise\FamilyDictionaryExercise.csproj", "{A56B6141-1996-4AE7-B258-5B7C97CE6C9A}"
EndProject
Global
	GlobalSection(SolutionConfigurationPlatforms) = preSolution
		Debug|Any CPU = Debug|Any CPU
		Release|Any CPU = Release|Any CPU
	EndGlobalSection
	GlobalSection(ProjectConfigurationPlatforms) = postSolution
		{A56B6141-1996-4AE7-B258-5B7C97CE6C9A}.Debug|Any CPU.ActiveCfg = Debug|Any CPU
		{A56B6141-1996-4AE7-B258-5B7C97CE6C9A}.Debug|Any CPU.Build.0 = Debug|Any CPU
		{A56B6141-1996-4AE7-B258-5B7C97CE6C9A}.Release|Any CPU.ActiveCfg = Release|Any CPU
		{A56B6141-1996-4AE7-B258-5B7C97CE6C9A}.Release|Any CPU.Build.0 = Release|Any CPU
	EndGlobalSection
	GlobalSection(SolutionProperties) = preSolution
		HideSolutionNode = FALSE
	EndGlobalSection
	GlobalSection(ExtensibilityGlobals) = postSolution
		SolutionGuid = {1CE1FDF1-32AB-4AFD-8C77-78C55F3968FE}
	EndGlobalSection
EndGlobal
